// !$*UTF8*$!
{
	archiveVersion = 1;
	classes = {
	};
	objectVersion = 55;
	objects = {

/* Begin PBXBuildFile section */
		58424A3529B1F9FC00F6BF47 /* AppDelegate.swift in Sources */ = {isa = PBXBuildFile; fileRef = 58424A3429B1F9FC00F6BF47 /* AppDelegate.swift */; };
		58424A3729B1F9FC00F6BF47 /* SceneDelegate.swift in Sources */ = {isa = PBXBuildFile; fileRef = 58424A3629B1F9FC00F6BF47 /* SceneDelegate.swift */; };
		58424A3929B1F9FC00F6BF47 /* ViewController.swift in Sources */ = {isa = PBXBuildFile; fileRef = 58424A3829B1F9FC00F6BF47 /* ViewController.swift */; };
		58424A3C29B1F9FC00F6BF47 /* Main.storyboard in Resources */ = {isa = PBXBuildFile; fileRef = 58424A3A29B1F9FC00F6BF47 /* Main.storyboard */; };
		58424A3E29B1F9FE00F6BF47 /* Assets.xcassets in Resources */ = {isa = PBXBuildFile; fileRef = 58424A3D29B1F9FE00F6BF47 /* Assets.xcassets */; };
		58424A4129B1F9FE00F6BF47 /* LaunchScreen.storyboard in Resources */ = {isa = PBXBuildFile; fileRef = 58424A3F29B1F9FE00F6BF47 /* LaunchScreen.storyboard */; };
		720853E73583BD0812DD4711 /* Pods_Didu.framework in Frameworks */ = {isa = PBXBuildFile; fileRef = C2E482B27C9FBBCF2BF280FD /* Pods_Didu.framework */; };
/* End PBXBuildFile section */

/* Begin PBXFileReference section */
		58424A3129B1F9FC00F6BF47 /* Didu.app */ = {isa = PBXFileReference; explicitFileType = wrapper.application; includeInIndex = 0; path = Didu.app; sourceTree = BUILT_PRODUCTS_DIR; };
		58424A3429B1F9FC00F6BF47 /* AppDelegate.swift */ = {isa = PBXFileReference; lastKnownFileType = sourcecode.swift; path = AppDelegate.swift; sourceTree = "<group>"; };
		58424A3629B1F9FC00F6BF47 /* SceneDelegate.swift */ = {isa = PBXFileReference; lastKnownFileType = sourcecode.swift; path = SceneDelegate.swift; sourceTree = "<group>"; };
		58424A3829B1F9FC00F6BF47 /* ViewController.swift */ = {isa = PBXFileReference; lastKnownFileType = sourcecode.swift; path = ViewController.swift; sourceTree = "<group>"; };
		58424A3B29B1F9FC00F6BF47 /* Base */ = {isa = PBXFileReference; lastKnownFileType = file.storyboard; name = Base; path = Base.lproj/Main.storyboard; sourceTree = "<group>"; };
		58424A3D29B1F9FE00F6BF47 /* Assets.xcassets */ = {isa = PBXFileReference; lastKnownFileType = folder.assetcatalog; path = Assets.xcassets; sourceTree = "<group>"; };
		58424A4029B1F9FE00F6BF47 /* Base */ = {isa = PBXFileReference; lastKnownFileType = file.storyboard; name = Base; path = Base.lproj/LaunchScreen.storyboard; sourceTree = "<group>"; };
		58424A4229B1F9FE00F6BF47 /* Info.plist */ = {isa = PBXFileReference; lastKnownFileType = text.plist.xml; path = Info.plist; sourceTree = "<group>"; };
		60CA450BEFD03265EE20CACF /* Pods-Didu.release.xcconfig */ = {isa = PBXFileReference; includeInIndex = 1; lastKnownFileType = text.xcconfig; name = "Pods-Didu.release.xcconfig"; path = "Target Support Files/Pods-Didu/Pods-Didu.release.xcconfig"; sourceTree = "<group>"; };
		68C4AD6AA4FB90898B1109CA /* Pods-Didu.debug.xcconfig */ = {isa = PBXFileReference; includeInIndex = 1; lastKnownFileType = text.xcconfig; name = "Pods-Didu.debug.xcconfig"; path = "Target Support Files/Pods-Didu/Pods-Didu.debug.xcconfig"; sourceTree = "<group>"; };
		C2E482B27C9FBBCF2BF280FD /* Pods_Didu.framework */ = {isa = PBXFileReference; explicitFileType = wrapper.framework; includeInIndex = 0; path = Pods_Didu.framework; sourceTree = BUILT_PRODUCTS_DIR; };
/* End PBXFileReference section */

/* Begin PBXFrameworksBuildPhase section */
		58424A2E29B1F9FC00F6BF47 /* Frameworks */ = {
			isa = PBXFrameworksBuildPhase;
			buildActionMask = 2147483647;
			files = (
				720853E73583BD0812DD4711 /* Pods_Didu.framework in Frameworks */,
			);
			runOnlyForDeploymentPostprocessing = 0;
		};
/* End PBXFrameworksBuildPhase section */

/* Begin PBXGroup section */
		46B7D5040605B730AE43BFA2 /* Pods */ = {
			isa = PBXGroup;
			children = (
				68C4AD6AA4FB90898B1109CA /* Pods-Didu.debug.xcconfig */,
				60CA450BEFD03265EE20CACF /* Pods-Didu.release.xcconfig */,
			);
			name = Pods;
			path = Pods;
			sourceTree = "<group>";
		};
		58424A2829B1F9FC00F6BF47 = {
			isa = PBXGroup;
			children = (
				58424A3329B1F9FC00F6BF47 /* Didu */,
				58424A3229B1F9FC00F6BF47 /* Products */,
				46B7D5040605B730AE43BFA2 /* Pods */,
				C9EBE57C5F42DEF13938F825 /* Frameworks */,
			);
			sourceTree = "<group>";
		};
		58424A3229B1F9FC00F6BF47 /* Products */ = {
			isa = PBXGroup;
			children = (
				58424A3129B1F9FC00F6BF47 /* Didu.app */,
			);
			name = Products;
			sourceTree = "<group>";
		};
		58424A3329B1F9FC00F6BF47 /* Didu */ = {
			isa = PBXGroup;
			children = (
				58424A3429B1F9FC00F6BF47 /* AppDelegate.swift */,
				58424A3629B1F9FC00F6BF47 /* SceneDelegate.swift */,
				58424A3829B1F9FC00F6BF47 /* ViewController.swift */,
				58424A3A29B1F9FC00F6BF47 /* Main.storyboard */,
				58424A3D29B1F9FE00F6BF47 /* Assets.xcassets */,
				58424A3F29B1F9FE00F6BF47 /* LaunchScreen.storyboard */,
				58424A4229B1F9FE00F6BF47 /* Info.plist */,
			);
			path = Didu;
			sourceTree = "<group>";
		};
		C9EBE57C5F42DEF13938F825 /* Frameworks */ = {
			isa = PBXGroup;
			children = (
				C2E482B27C9FBBCF2BF280FD /* Pods_Didu.framework */,
			);
			name = Frameworks;
			sourceTree = "<group>";
		};
/* End PBXGroup section */

/* Begin PBXNativeTarget section */
		58424A3029B1F9FC00F6BF47 /* Didu */ = {
			isa = PBXNativeTarget;
			buildConfigurationList = 58424A4529B1F9FE00F6BF47 /* Build configuration list for PBXNativeTarget "Didu" */;
			buildPhases = (
				4EF45F1CE05E5193AD9D8D98 /* [CP] Check Pods Manifest.lock */,
				58424A2D29B1F9FC00F6BF47 /* Sources */,
				58424A2E29B1F9FC00F6BF47 /* Frameworks */,
				58424A2F29B1F9FC00F6BF47 /* Resources */,
				4828E10832770ADFADEB352D /* [CP] Embed Pods Frameworks */,
			);
			buildRules = (
			);
			dependencies = (
			);
			name = Didu;
			productName = Didu;
			productReference = 58424A3129B1F9FC00F6BF47 /* Didu.app */;
			productType = "com.apple.product-type.application";
		};
/* End PBXNativeTarget section */

/* Begin PBXProject section */
		58424A2929B1F9FC00F6BF47 /* Project object */ = {
			isa = PBXProject;
			attributes = {
				BuildIndependentTargetsInParallel = 1;
				LastSwiftUpdateCheck = 1420;
				LastUpgradeCheck = 1420;
				TargetAttributes = {
					58424A3029B1F9FC00F6BF47 = {
						CreatedOnToolsVersion = 14.2;
					};
				};
			};
			buildConfigurationList = 58424A2C29B1F9FC00F6BF47 /* Build configuration list for PBXProject "Didu" */;
			compatibilityVersion = "Xcode 13.0";
			developmentRegion = en;
			hasScannedForEncodings = 0;
			knownRegions = (
				en,
				Base,
			);
			mainGroup = 58424A2829B1F9FC00F6BF47;
			productRefGroup = 58424A3229B1F9FC00F6BF47 /* Products */;
			projectDirPath = "";
			projectRoot = "";
			targets = (
				58424A3029B1F9FC00F6BF47 /* Didu */,
			);
		};
/* End PBXProject section */

/* Begin PBXResourcesBuildPhase section */
		58424A2F29B1F9FC00F6BF47 /* Resources */ = {
			isa = PBXResourcesBuildPhase;
			buildActionMask = 2147483647;
			files = (
				58424A4129B1F9FE00F6BF47 /* LaunchScreen.storyboard in Resources */,
				58424A3E29B1F9FE00F6BF47 /* Assets.xcassets in Resources */,
				58424A3C29B1F9FC00F6BF47 /* Main.storyboard in Resources */,
			);
			runOnlyForDeploymentPostprocessing = 0;
		};
/* End PBXResourcesBuildPhase section */

/* Begin PBXShellScriptBuildPhase section */
		4828E10832770ADFADEB352D /* [CP] Embed Pods Frameworks */ = {
			isa = PBXShellScriptBuildPhase;
			buildActionMask = 2147483647;
			files = (
			);
			inputFileListPaths = (
				"${PODS_ROOT}/Target Support Files/Pods-Didu/Pods-Didu-frameworks-${CONFIGURATION}-input-files.xcfilelist",
			);
			name = "[CP] Embed Pods Frameworks";
			outputFileListPaths = (
				"${PODS_ROOT}/Target Support Files/Pods-Didu/Pods-Didu-frameworks-${CONFIGURATION}-output-files.xcfilelist",
			);
			runOnlyForDeploymentPostprocessing = 0;
			shellPath = /bin/sh;
			shellScript = "\"${PODS_ROOT}/Target Support Files/Pods-Didu/Pods-Didu-frameworks.sh\"\n";
			showEnvVarsInLog = 0;
		};
		4EF45F1CE05E5193AD9D8D98 /* [CP] Check Pods Manifest.lock */ = {
			isa = PBXShellScriptBuildPhase;
			buildActionMask = 2147483647;
			files = (
			);
			inputFileListPaths = (
			);
			inputPaths = (
				"${PODS_PODFILE_DIR_PATH}/Podfile.lock",
				"${PODS_ROOT}/Manifest.lock",
			);
			name = "[CP] Check Pods Manifest.lock";
			outputFileListPaths = (
			);
			outputPaths = (
				"$(DERIVED_FILE_DIR)/Pods-Didu-checkManifestLockResult.txt",
			);
			runOnlyForDeploymentPostprocessing = 0;
			shellPath = /bin/sh;
			shellScript = "diff \"${PODS_PODFILE_DIR_PATH}/Podfile.lock\" \"${PODS_ROOT}/Manifest.lock\" > /dev/null\nif [ $? != 0 ] ; then\n    # print error to STDERR\n    echo \"error: The sandbox is not in sync with the Podfile.lock. Run 'pod install' or update your CocoaPods installation.\" >&2\n    exit 1\nfi\n# This output is used by Xcode 'outputs' to avoid re-running this script phase.\necho \"SUCCESS\" > \"${SCRIPT_OUTPUT_FILE_0}\"\n";
			showEnvVarsInLog = 0;
		};
/* End PBXShellScriptBuildPhase section */

/* Begin PBXSourcesBuildPhase section */
		58424A2D29B1F9FC00F6BF47 /* Sources */ = {
			isa = PBXSourcesBuildPhase;
			buildActionMask = 2147483647;
			files = (
				58424A3929B1F9FC00F6BF47 /* ViewController.swift in Sources */,
				58424A3529B1F9FC00F6BF47 /* AppDelegate.swift in Sources */,
				58424A3729B1F9FC00F6BF47 /* SceneDelegate.swift in Sources */,
			);
			runOnlyForDeploymentPostprocessing = 0;
		};
/* End PBXSourcesBuildPhase section */

/* Begin PBXVariantGroup section */
		58424A3A29B1F9FC00F6BF47 /* Main.storyboard */ = {
			isa = PBXVariantGroup;
			children = (
				58424A3B29B1F9FC00F6BF47 /* Base */,
			);
			name = Main.storyboard;
			sourceTree = "<group>";
		};
		58424A3F29B1F9FE00F6BF47 /* LaunchScreen.storyboard */ = {
			isa = PBXVariantGroup;
			children = (
				58424A4029B1F9FE00F6BF47 /* Base */,
			);
			name = LaunchScreen.storyboard;
			sourceTree = "<group>";
		};
/* End PBXVariantGroup section */

/* Begin XCBuildConfiguration section */
		58424A4329B1F9FE00F6BF47 /* Debug */ = {
			isa = XCBuildConfiguration;
			buildSettings = {
				ALWAYS_SEARCH_USER_PATHS = NO;
				CLANG_ANALYZER_NONNULL = YES;
				CLANG_ANALYZER_NUMBER_OBJECT_CONVERSION = YES_AGGRESSIVE;
				CLANG_CXX_LANGUAGE_STANDARD = "gnu++20";
				CLANG_ENABLE_MODULES = YES;
				CLANG_ENABLE_OBJC_ARC = YES;
				CLANG_ENABLE_OBJC_WEAK = YES;
				CLANG_WARN_BLOCK_CAPTURE_AUTORELEASING = YES;
				CLANG_WARN_BOOL_CONVERSION = YES;
				CLANG_WARN_COMMA = YES;
				CLANG_WARN_CONSTANT_CONVERSION = YES;
				CLANG_WARN_DEPRECATED_OBJC_IMPLEMENTATIONS = YES;
				CLANG_WARN_DIRECT_OBJC_ISA_USAGE = YES_ERROR;
				CLANG_WARN_DOCUMENTATION_COMMENTS = YES;
				CLANG_WARN_EMPTY_BODY = YES;
				CLANG_WARN_ENUM_CONVERSION = YES;
				CLANG_WARN_INFINITE_RECURSION = YES;
				CLANG_WARN_INT_CONVERSION = YES;
				CLANG_WARN_NON_LITERAL_NULL_CONVERSION = YES;
				CLANG_WARN_OBJC_IMPLICIT_RETAIN_SELF = YES;
				CLANG_WARN_OBJC_LITERAL_CONVERSION = YES;
				CLANG_WARN_OBJC_ROOT_CLASS = YES_ERROR;
				CLANG_WARN_QUOTED_INCLUDE_IN_FRAMEWORK_HEADER = YES;
				CLANG_WARN_RANGE_LOOP_ANALYSIS = YES;
				CLANG_WARN_STRICT_PROTOTYPES = YES;
				CLANG_WARN_SUSPICIOUS_MOVE = YES;
				CLANG_WARN_UNGUARDED_AVAILABILITY = YES_AGGRESSIVE;
				CLANG_WARN_UNREACHABLE_CODE = YES;
				CLANG_WARN__DUPLICATE_METHOD_MATCH = YES;
				COPY_PHASE_STRIP = NO;
				DEBUG_INFORMATION_FORMAT = dwarf;
				ENABLE_STRICT_OBJC_MSGSEND = YES;
				ENABLE_TESTABILITY = YES;
				GCC_C_LANGUAGE_STANDARD = gnu11;
				GCC_DYNAMIC_NO_PIC = NO;
				GCC_NO_COMMON_BLOCKS = YES;
				GCC_OPTIMIZATION_LEVEL = 0;
				GCC_PREPROCESSOR_DEFINITIONS = (
					"DEBUG=1",
					"$(inherited)",
				);
				GCC_WARN_64_TO_32_BIT_CONVERSION = YES;
				GCC_WARN_ABOUT_RETURN_TYPE = YES_ERROR;
				GCC_WARN_UNDECLARED_SELECTOR = YES;
				GCC_WARN_UNINITIALIZED_AUTOS = YES_AGGRESSIVE;
				GCC_WARN_UNUSED_FUNCTION = YES;
				GCC_WARN_UNUSED_VARIABLE = YES;
				IPHONEOS_DEPLOYMENT_TARGET = 16.2;
				MTL_ENABLE_DEBUG_INFO = INCLUDE_SOURCE;
				MTL_FAST_MATH = YES;
				ONLY_ACTIVE_ARCH = YES;
				SDKROOT = iphoneos;
				SWIFT_ACTIVE_COMPILATION_CONDITIONS = DEBUG;
				SWIFT_OPTIMIZATION_LEVEL = "-Onone";
			};
			name = Debug;
		};
		58424A4429B1F9FE00F6BF47 /* Release */ = {
			isa = XCBuildConfiguration;
			buildSettings = {
				ALWAYS_SEARCH_USER_PATHS = NO;
				CLANG_ANALYZER_NONNULL = YES;
				CLANG_ANALYZER_NUMBER_OBJECT_CONVERSION = YES_AGGRESSIVE;
				CLANG_CXX_LANGUAGE_STANDARD = "gnu++20";
				CLANG_ENABLE_MODULES = YES;
				CLANG_ENABLE_OBJC_ARC = YES;
				CLANG_ENABLE_OBJC_WEAK = YES;
				CLANG_WARN_BLOCK_CAPTURE_AUTORELEASING = YES;
				CLANG_WARN_BOOL_CONVERSION = YES;
				CLANG_WARN_COMMA = YES;
				CLANG_WARN_CONSTANT_CONVERSION = YES;
				CLANG_WARN_DEPRECATED_OBJC_IMPLEMENTATIONS = YES;
				CLANG_WARN_DIRECT_OBJC_ISA_USAGE = YES_ERROR;
				CLANG_WARN_DOCUMENTATION_COMMENTS = YES;
				CLANG_WARN_EMPTY_BODY = YES;
				CLANG_WARN_ENUM_CONVERSION = YES;
				CLANG_WARN_INFINITE_RECURSION = YES;
				CLANG_WARN_INT_CONVERSION = YES;
				CLANG_WARN_NON_LITERAL_NULL_CONVERSION = YES;
				CLANG_WARN_OBJC_IMPLICIT_RETAIN_SELF = YES;
				CLANG_WARN_OBJC_LITERAL_CONVERSION = YES;
				CLANG_WARN_OBJC_ROOT_CLASS = YES_ERROR;
				CLANG_WARN_QUOTED_INCLUDE_IN_FRAMEWORK_HEADER = YES;
				CLANG_WARN_RANGE_LOOP_ANALYSIS = YES;
				CLANG_WARN_STRICT_PROTOTYPES = YES;
				CLANG_WARN_SUSPICIOUS_MOVE = YES;
				CLANG_WARN_UNGUARDED_AVAILABILITY = YES_AGGRESSIVE;
				CLANG_WARN_UNREACHABLE_CODE = YES;
				CLANG_WARN__DUPLICATE_METHOD_MATCH = YES;
				COPY_PHASE_STRIP = NO;
				DEBUG_INFORMATION_FORMAT = "dwarf-with-dsym";
				ENABLE_NS_ASSERTIONS = NO;
				ENABLE_STRICT_OBJC_MSGSEND = YES;
				GCC_C_LANGUAGE_STANDARD = gnu11;
				GCC_NO_COMMON_BLOCKS = YES;
				GCC_WARN_64_TO_32_BIT_CONVERSION = YES;
				GCC_WARN_ABOUT_RETURN_TYPE = YES_ERROR;
				GCC_WARN_UNDECLARED_SELECTOR = YES;
				GCC_WARN_UNINITIALIZED_AUTOS = YES_AGGRESSIVE;
				GCC_WARN_UNUSED_FUNCTION = YES;
				GCC_WARN_UNUSED_VARIABLE = YES;
				IPHONEOS_DEPLOYMENT_TARGET = 16.2;
				MTL_ENABLE_DEBUG_INFO = NO;
				MTL_FAST_MATH = YES;
				SDKROOT = iphoneos;
				SWIFT_COMPILATION_MODE = wholemodule;
				SWIFT_OPTIMIZATION_LEVEL = "-O";
				VALIDATE_PRODUCT = YES;
			};
			name = Release;
		};
		58424A4629B1F9FE00F6BF47 /* Debug */ = {
			isa = XCBuildConfiguration;
			baseConfigurationReference = 68C4AD6AA4FB90898B1109CA /* Pods-Didu.debug.xcconfig */;
			buildSettings = {
				ASSETCATALOG_COMPILER_APPICON_NAME = AppIcon;
				ASSETCATALOG_COMPILER_GLOBAL_ACCENT_COLOR_NAME = AccentColor;
				CODE_SIGN_STYLE = Automatic;
				CURRENT_PROJECT_VERSION = 1;
				DEVELOPMENT_TEAM = 23M2P3R2AH;
				GENERATE_INFOPLIST_FILE = YES;
				INFOPLIST_FILE = Didu/Info.plist;
				INFOPLIST_KEY_UIApplicationSupportsIndirectInputEvents = YES;
				INFOPLIST_KEY_UILaunchStoryboardName = LaunchScreen;
				INFOPLIST_KEY_UIMainStoryboardFile = Main;
				INFOPLIST_KEY_UISupportedInterfaceOrientations_iPad = "UIInterfaceOrientationPortrait UIInterfaceOrientationPortraitUpsideDown UIInterfaceOrientationLandscapeLeft UIInterfaceOrientationLandscapeRight";
				INFOPLIST_KEY_UISupportedInterfaceOrientations_iPhone = "UIInterfaceOrientationPortrait UIInterfaceOrientationLandscapeLeft UIInterfaceOrientationLandscapeRight";
				LD_RUNPATH_SEARCH_PATHS = (
					"$(inherited)",
					"@executable_path/Frameworks",
				);
				MARKETING_VERSION = 1.0;
				PRODUCT_BUNDLE_IDENTIFIER = com.Didu;
				PRODUCT_NAME = "$(TARGET_NAME)";
				SWIFT_EMIT_LOC_STRINGS = YES;
				SWIFT_VERSION = 5.0;
				TARGETED_DEVICE_FAMILY = "1,2";
			};
			name = Debug;
		};
		58424A4729B1F9FE00F6BF47 /* Release */ = {
			isa = XCBuildConfiguration;
			baseConfigurationReference = 60CA450BEFD03265EE20CACF /* Pods-Didu.release.xcconfig */;
			buildSettings = {
				ASSETCATALOG_COMPILER_APPICON_NAME = AppIcon;
				ASSETCATALOG_COMPILER_GLOBAL_ACCENT_COLOR_NAME = AccentColor;
				CODE_SIGN_STYLE = Automatic;
				CURRENT_PROJECT_VERSION = 1;
				DEVELOPMENT_TEAM = 23M2P3R2AH;
				GENERATE_INFOPLIST_FILE = YES;
				INFOPLIST_FILE = Didu/Info.plist;
				INFOPLIST_KEY_UIApplicationSupportsIndirectInputEvents = YES;
				INFOPLIST_KEY_UILaunchStoryboardName = LaunchScreen;
				INFOPLIST_KEY_UIMainStoryboardFile = Main;
				INFOPLIST_KEY_UISupportedInterfaceOrientations_iPad = "UIInterfaceOrientationPortrait UIInterfaceOrientationPortraitUpsideDown UIInterfaceOrientationLandscapeLeft UIInterfaceOrientationLandscapeRight";
				INFOPLIST_KEY_UISupportedInterfaceOrientations_iPhone = "UIInterfaceOrientationPortrait UIInterfaceOrientationLandscapeLeft UIInterfaceOrientationLandscapeRight";
				LD_RUNPATH_SEARCH_PATHS = (
					"$(inherited)",
					"@executable_path/Frameworks",
				);
				MARKETING_VERSION = 1.0;
				PRODUCT_BUNDLE_IDENTIFIER = com.Didu;
				PRODUCT_NAME = "$(TARGET_NAME)";
				SWIFT_EMIT_LOC_STRINGS = YES;
				SWIFT_VERSION = 5.0;
				TARGETED_DEVICE_FAMILY = "1,2";
			};
			name = Release;
		};
/* End XCBuildConfiguration section */

/* Begin XCConfigurationList section */
		58424A2C29B1F9FC00F6BF47 /* Build configuration list for PBXProject "Didu" */ = {
			isa = XCConfigurationList;
			buildConfigurations = (
				58424A4329B1F9FE00F6BF47 /* Debug */,
				58424A4429B1F9FE00F6BF47 /* Release */,
			);
			defaultConfigurationIsVisible = 0;
			defaultConfigurationName = Release;
		};
		58424A4529B1F9FE00F6BF47 /* Build configuration list for PBXNativeTarget "Didu" */ = {
			isa = XCConfigurationList;
			buildConfigurations = (
				58424A4629B1F9FE00F6BF47 /* Debug */,
				58424A4729B1F9FE00F6BF47 /* Release */,
			);
			defaultConfigurationIsVisible = 0;
			defaultConfigurationName = Release;
		};
/* End XCConfigurationList section */
	};
	rootObject = 58424A2929B1F9FC00F6BF47 /* Project object */;
}
